
Microsoft Visual Studio Solution File, Format Version 12.00
# Visual Studio 11
Project("{8BC9CEB8-8B4A-11D0-8D11-00A0C91BC942}") = "SCProvider", "Win32Project1\Win32Project1.vcxproj", "{41FECC1D-A93F-FC88-9CB3-F24FFCD3ED8A}"
EndProject
Project("{8BC9CEB8-8B4A-11D0-8D11-00A0C91BC942}") = "monitorscards", "monitorscards\monitorscards.vcxproj", "{950B2B28-472A-1EBA-4B45-94363E2FEB43}"
EndProject
Project("{8BC9CEB8-8B4A-11D0-8D11-00A0C91BC942}") = "credui", "credui\credui.vcxproj", "{193D2631-D568-AFA2-541D-DD6D5BC1E8A4}"
EndProject
Global
	GlobalSection(SolutionConfigurationPlatforms) = preSolution
		Debug|Win32 = Debug|Win32
		Release|Win32 = Release|Win32
	EndGlobalSection
	GlobalSection(ProjectConfigurationPlatforms) = postSolution
		{193D2631-D568-AFA2-541D-DD6D5BC1E8A4}.Debug|Win32.ActiveCfg = Debug|Win32
		{193D2631-D568-AFA2-541D-DD6D5BC1E8A4}.Debug|Win32.Build.0 = Debug|Win32
		{193D2631-D568-AFA2-541D-DD6D5BC1E8A4}.Release|Win32.ActiveCfg = Release|Win32
		{193D2631-D568-AFA2-541D-DD6D5BC1E8A4}.Release|Win32.Build.0 = Release|Win32
		{41FECC1D-A93F-FC88-9CB3-F24FFCD3ED8A}.Debug|Win32.ActiveCfg = Debug|Win32
		{41FECC1D-A93F-FC88-9CB3-F24FFCD3ED8A}.Debug|Win32.Build.0 = Debug|Win32
		{41FECC1D-A93F-FC88-9CB3-F24FFCD3ED8A}.Release|Win32.ActiveCfg = Release|Win32
		{41FECC1D-A93F-FC88-9CB3-F24FFCD3ED8A}.Release|Win32.Build.0 = Release|Win32
		{950B2B28-472A-1EBA-4B45-94363E2FEB43}.Debug|Win32.ActiveCfg = Debug|Win32
		{950B2B28-472A-1EBA-4B45-94363E2FEB43}.Debug|Win32.Build.0 = Debug|Win32
		{950B2B28-472A-1EBA-4B45-94363E2FEB43}.Release|Win32.ActiveCfg = Release|Win32
		{950B2B28-472A-1EBA-4B45-94363E2FEB43}.Release|Win32.Build.0 = Release|Win32
	EndGlobalSection
	GlobalSection(SolutionProperties) = preSolution
		HideSolutionNode = FALSE
	EndGlobalSection
EndGlobal
