
Microsoft Visual Studio Solution File, Format Version 12.00
# Visual Studio 11
Project("{8BC9CEB8-8B4A-11D0-8D11-00A0C91BC942}") = "SCProvider", "Win32Project1\Win32Project1.vcxproj", "{5480BC4F-6EA2-3EE8-C9BD-B01F718A937C}"
EndProject
Project("{8BC9CEB8-8B4A-11D0-8D11-00A0C91BC942}") = "monitorscards", "monitorscards\monitorscards.vcxproj", "{E0B5EBBC-7A61-BA83-48B9-AC8A789CBD3B}"
EndProject
Project("{8BC9CEB8-8B4A-11D0-8D11-00A0C91BC942}") = "credui", "credui\credui.vcxproj", "{70B99B92-B6A2-0974-E2B7-65151710FFCB}"
EndProject
Global
	GlobalSection(SolutionConfigurationPlatforms) = preSolution
		Debug|Win32 = Debug|Win32
		Release|Win32 = Release|Win32
	EndGlobalSection
	GlobalSection(ProjectConfigurationPlatforms) = postSolution
		{5480BC4F-6EA2-3EE8-C9BD-B01F718A937C}.Debug|Win32.ActiveCfg = Debug|Win32
		{5480BC4F-6EA2-3EE8-C9BD-B01F718A937C}.Debug|Win32.Build.0 = Debug|Win32
		{5480BC4F-6EA2-3EE8-C9BD-B01F718A937C}.Release|Win32.ActiveCfg = Release|Win32
		{5480BC4F-6EA2-3EE8-C9BD-B01F718A937C}.Release|Win32.Build.0 = Release|Win32
		{70B99B92-B6A2-0974-E2B7-65151710FFCB}.Debug|Win32.ActiveCfg = Debug|Win32
		{70B99B92-B6A2-0974-E2B7-65151710FFCB}.Debug|Win32.Build.0 = Debug|Win32
		{70B99B92-B6A2-0974-E2B7-65151710FFCB}.Release|Win32.ActiveCfg = Release|Win32
		{70B99B92-B6A2-0974-E2B7-65151710FFCB}.Release|Win32.Build.0 = Release|Win32
		{E0B5EBBC-7A61-BA83-48B9-AC8A789CBD3B}.Debug|Win32.ActiveCfg = Debug|Win32
		{E0B5EBBC-7A61-BA83-48B9-AC8A789CBD3B}.Debug|Win32.Build.0 = Debug|Win32
		{E0B5EBBC-7A61-BA83-48B9-AC8A789CBD3B}.Release|Win32.ActiveCfg = Release|Win32
		{E0B5EBBC-7A61-BA83-48B9-AC8A789CBD3B}.Release|Win32.Build.0 = Release|Win32
	EndGlobalSection
	GlobalSection(SolutionProperties) = preSolution
		HideSolutionNode = FALSE
	EndGlobalSection
EndGlobal
